
Microsoft Visual Studio Solution File, Format Version 12.00
# Visual Studio Version 16
VisualStudioVersion = 16.0.29215.179
MinimumVisualStudioVersion = 10.0.40219.1
Project("{8BC9CEB8-8B4A-11D0-8D11-00A0C91BC942}") = "Sandbox", "Sandbox\Sandbox.vcxproj", "{50F18EA4-92DC-478F-AF78-4A6013062645}"
EndProject
Project("{8BC9CEB8-8B4A-11D0-8D11-00A0C91BC942}") = "Hazel", "Hazel\Hazel.vcxproj", "{7D91C742-DA98-45A1-A0A7-54EDAF9E663E}"
EndProject
Global
	GlobalSection(SolutionConfigurationPlatforms) = preSolution
		Debug|x64 = Debug|x64
		Release|x64 = Release|x64
	EndGlobalSection
	GlobalSection(ProjectConfigurationPlatforms) = postSolution
		{7D91C742-DA98-45A1-A0A7-54EDAF9E663E}.Debug|x64.ActiveCfg = Debug|x64
		{7D91C742-DA98-45A1-A0A7-54EDAF9E663E}.Debug|x64.Build.0 = Debug|x64
		{7D91C742-DA98-45A1-A0A7-54EDAF9E663E}.Release|x64.ActiveCfg = Release|x64
		{7D91C742-DA98-45A1-A0A7-54EDAF9E663E}.Release|x64.Build.0 = Release|x64
		{50F18EA4-92DC-478F-AF78-4A6013062645}.Debug|x64.ActiveCfg = Debug|x64
		{50F18EA4-92DC-478F-AF78-4A6013062645}.Debug|x64.Build.0 = Debug|x64
		{50F18EA4-92DC-478F-AF78-4A6013062645}.Release|x64.ActiveCfg = Release|x64
		{50F18EA4-92DC-478F-AF78-4A6013062645}.Release|x64.Build.0 = Release|x64
	EndGlobalSection
	GlobalSection(SolutionProperties) = preSolution
		HideSolutionNode = FALSE
	EndGlobalSection
	GlobalSection(ExtensibilityGlobals) = postSolution
		SolutionGuid = {E49C96BF-FB0D-4FBA-9B4C-848E493F461B}
	EndGlobalSection
EndGlobal
